
Microsoft Visual Studio Solution File, Format Version 12.00
# Visual Studio 15
VisualStudioVersion = 15.0.28010.2036
MinimumVisualStudioVersion = 10.0.40219.1
Project("{FAE04EC0-301F-11D3-BF4B-00C04F79EFBC}") = "CompanySystem", "eLearning\CompanySystem.csproj", "{5D05A191-CE8C-4445-B2E7-B05570CB44B6}"
EndProject
Project("{FAE04EC0-301F-11D3-BF4B-00C04F79EFBC}") = "CompanySystem.Web", "CompanySystem.Web\CompanySystem.Web.csproj", "{474AB6F4-39AE-4438-9962-5F7B5995F80E}"
EndProject
Global
	GlobalSection(SolutionConfigurationPlatforms) = preSolution
		Debug|Any CPU = Debug|Any CPU
		Release|Any CPU = Release|Any CPU
	EndGlobalSection
	GlobalSection(ProjectConfigurationPlatforms) = postSolution
		{5D05A191-CE8C-4445-B2E7-B05570CB44B6}.Debug|Any CPU.ActiveCfg = Debug|Any CPU
		{5D05A191-CE8C-4445-B2E7-B05570CB44B6}.Debug|Any CPU.Build.0 = Debug|Any CPU
		{5D05A191-CE8C-4445-B2E7-B05570CB44B6}.Release|Any CPU.ActiveCfg = Release|Any CPU
		{5D05A191-CE8C-4445-B2E7-B05570CB44B6}.Release|Any CPU.Build.0 = Release|Any CPU
		{474AB6F4-39AE-4438-9962-5F7B5995F80E}.Debug|Any CPU.ActiveCfg = Debug|Any CPU
		{474AB6F4-39AE-4438-9962-5F7B5995F80E}.Debug|Any CPU.Build.0 = Debug|Any CPU
		{474AB6F4-39AE-4438-9962-5F7B5995F80E}.Release|Any CPU.ActiveCfg = Release|Any CPU
		{474AB6F4-39AE-4438-9962-5F7B5995F80E}.Release|Any CPU.Build.0 = Release|Any CPU
	EndGlobalSection
	GlobalSection(SolutionProperties) = preSolution
		HideSolutionNode = FALSE
	EndGlobalSection
	GlobalSection(ExtensibilityGlobals) = postSolution
		SolutionGuid = {CAE141DF-7A1D-47CF-8ED8-A3313D9F650C}
	EndGlobalSection
EndGlobal
